
Microsoft Visual Studio Solution File, Format Version 12.00
# Visual Studio Version 17
VisualStudioVersion = 17.8.34330.188
MinimumVisualStudioVersion = 10.0.40219.1
Project("{2150E333-8FDC-42A3-9474-1A3956D46DE8}") = "src", "src", "{9EB81274-65C7-4A02-810A-2CE3F542DDF0}"
EndProject
Project("{2150E333-8FDC-42A3-9474-1A3956D46DE8}") = "0 - Building Blocks", "0 - Building Blocks", "{82E57549-FADE-49D6-866B-7BE017C1196A}"
EndProject
Project("{2150E333-8FDC-42A3-9474-1A3956D46DE8}") = "1 - Presentation", "1 - Presentation", "{6A7A7F7A-4F52-42E6-AD35-E1E9F919F0B0}"
EndProject
Project("{2150E333-8FDC-42A3-9474-1A3956D46DE8}") = "2 - Services", "2 - Services", "{859400D8-98B8-4477-A3C0-5B5CE018176D}"
EndProject
Project("{2150E333-8FDC-42A3-9474-1A3956D46DE8}") = "3 - Application", "3 - Application", "{4AD76948-B0A4-4FDD-A659-1B33B4631942}"
EndProject
Project("{2150E333-8FDC-42A3-9474-1A3956D46DE8}") = "4 - Domain", "4 - Domain", "{A9FF0D9A-9E5D-4FF5-B0C0-C71A54FBEA75}"
EndProject
Project("{2150E333-8FDC-42A3-9474-1A3956D46DE8}") = "5 - Infra", "5 - Infra", "{467A2E63-02E0-40BE-94D6-38F048ADC0E2}"
EndProject
Project("{2150E333-8FDC-42A3-9474-1A3956D46DE8}") = "6 - Test", "6 - Test", "{5B2A85B4-131F-446B-922B-48CB08AC0B46}"
EndProject
Project("{9A19103F-16F7-4668-BE54-9A1E7A4F7556}") = "TechGamer.Domain", "src\TechGamer.Domain\TechGamer.Domain.csproj", "{EB5DB25B-FCDA-441B-B757-49B9D6B3A029}"
EndProject
Project("{9A19103F-16F7-4668-BE54-9A1E7A4F7556}") = "TechGamer.Core", "Senac.eShop.Core\TechGamer.Core.csproj", "{5D5FFFF9-5633-468F-A9BE-6838FD458203}"
EndProject
Project("{9A19103F-16F7-4668-BE54-9A1E7A4F7556}") = "TechGamer.Infra.CrossCutting.IoC", "src\TechGamer.Infra.CrossCutting.IoC\TechGamer.Infra.CrossCutting.IoC.csproj", "{9DC2741B-F2F5-4EB3-AD5B-233F84EA0F5B}"
EndProject
Project("{9A19103F-16F7-4668-BE54-9A1E7A4F7556}") = "TechGamer.Infra.Data", "TechGamer.Infra.Data\TechGamer.Infra.Data.csproj", "{02BAEA0E-D9DA-4475-8B45-25613E33449C}"
EndProject
Project("{9A19103F-16F7-4668-BE54-9A1E7A4F7556}") = "TechGamer.Infra.Identity", "TechGamer.Infra.Identity\TechGamer.Infra.Identity.csproj", "{0C22A54C-4096-44CD-AF81-6E2639C8AEDF}"
EndProject
Project("{9A19103F-16F7-4668-BE54-9A1E7A4F7556}") = "TechGamer.Domain.Shared", "src\TechGamer.Domain.Shared\TechGamer.Domain.Shared.csproj", "{99DF84E7-9EB7-4AA4-B35E-FF12AB6AE95C}"
EndProject
Project("{9A19103F-16F7-4668-BE54-9A1E7A4F7556}") = "TechGamer.Application", "src\TechGamer.Application\TechGamer.Application.csproj", "{F08919CB-FA35-4E18-8CE6-7044076554E4}"
EndProject
Project("{9A19103F-16F7-4668-BE54-9A1E7A4F7556}") = "TechGamer.API", "src\TechGamer.API\TechGamer.API.csproj", "{94137684-8377-4DF9-8DC3-FFAFFB3F7B2F}"
EndProject
Project("{FAE04EC0-301F-11D3-BF4B-00C04F79EFBC}") = "TechGamer.Web", "TechGamer.Web\TechGamer.Web.csproj", "{2C985C15-8BD8-42B0-A830-E4FA450C9081}"
EndProject
Global
	GlobalSection(SolutionConfigurationPlatforms) = preSolution
		Debug|Any CPU = Debug|Any CPU
		Release|Any CPU = Release|Any CPU
	EndGlobalSection
	GlobalSection(ProjectConfigurationPlatforms) = postSolution
		{EB5DB25B-FCDA-441B-B757-49B9D6B3A029}.Debug|Any CPU.ActiveCfg = Debug|Any CPU
		{EB5DB25B-FCDA-441B-B757-49B9D6B3A029}.Debug|Any CPU.Build.0 = Debug|Any CPU
		{EB5DB25B-FCDA-441B-B757-49B9D6B3A029}.Release|Any CPU.ActiveCfg = Release|Any CPU
		{EB5DB25B-FCDA-441B-B757-49B9D6B3A029}.Release|Any CPU.Build.0 = Release|Any CPU
		{5D5FFFF9-5633-468F-A9BE-6838FD458203}.Debug|Any CPU.ActiveCfg = Debug|Any CPU
		{5D5FFFF9-5633-468F-A9BE-6838FD458203}.Debug|Any CPU.Build.0 = Debug|Any CPU
		{5D5FFFF9-5633-468F-A9BE-6838FD458203}.Release|Any CPU.ActiveCfg = Release|Any CPU
		{5D5FFFF9-5633-468F-A9BE-6838FD458203}.Release|Any CPU.Build.0 = Release|Any CPU
		{9DC2741B-F2F5-4EB3-AD5B-233F84EA0F5B}.Debug|Any CPU.ActiveCfg = Debug|Any CPU
		{9DC2741B-F2F5-4EB3-AD5B-233F84EA0F5B}.Debug|Any CPU.Build.0 = Debug|Any CPU
		{9DC2741B-F2F5-4EB3-AD5B-233F84EA0F5B}.Release|Any CPU.ActiveCfg = Release|Any CPU
		{9DC2741B-F2F5-4EB3-AD5B-233F84EA0F5B}.Release|Any CPU.Build.0 = Release|Any CPU
		{02BAEA0E-D9DA-4475-8B45-25613E33449C}.Debug|Any CPU.ActiveCfg = Debug|Any CPU
		{02BAEA0E-D9DA-4475-8B45-25613E33449C}.Debug|Any CPU.Build.0 = Debug|Any CPU
		{02BAEA0E-D9DA-4475-8B45-25613E33449C}.Release|Any CPU.ActiveCfg = Release|Any CPU
		{02BAEA0E-D9DA-4475-8B45-25613E33449C}.Release|Any CPU.Build.0 = Release|Any CPU
		{0C22A54C-4096-44CD-AF81-6E2639C8AEDF}.Debug|Any CPU.ActiveCfg = Debug|Any CPU
		{0C22A54C-4096-44CD-AF81-6E2639C8AEDF}.Debug|Any CPU.Build.0 = Debug|Any CPU
		{0C22A54C-4096-44CD-AF81-6E2639C8AEDF}.Release|Any CPU.ActiveCfg = Release|Any CPU
		{0C22A54C-4096-44CD-AF81-6E2639C8AEDF}.Release|Any CPU.Build.0 = Release|Any CPU
		{99DF84E7-9EB7-4AA4-B35E-FF12AB6AE95C}.Debug|Any CPU.ActiveCfg = Debug|Any CPU
		{99DF84E7-9EB7-4AA4-B35E-FF12AB6AE95C}.Debug|Any CPU.Build.0 = Debug|Any CPU
		{99DF84E7-9EB7-4AA4-B35E-FF12AB6AE95C}.Release|Any CPU.ActiveCfg = Release|Any CPU
		{99DF84E7-9EB7-4AA4-B35E-FF12AB6AE95C}.Release|Any CPU.Build.0 = Release|Any CPU
		{F08919CB-FA35-4E18-8CE6-7044076554E4}.Debug|Any CPU.ActiveCfg = Debug|Any CPU
		{F08919CB-FA35-4E18-8CE6-7044076554E4}.Debug|Any CPU.Build.0 = Debug|Any CPU
		{F08919CB-FA35-4E18-8CE6-7044076554E4}.Release|Any CPU.ActiveCfg = Release|Any CPU
		{F08919CB-FA35-4E18-8CE6-7044076554E4}.Release|Any CPU.Build.0 = Release|Any CPU
		{94137684-8377-4DF9-8DC3-FFAFFB3F7B2F}.Debug|Any CPU.ActiveCfg = Debug|Any CPU
		{94137684-8377-4DF9-8DC3-FFAFFB3F7B2F}.Debug|Any CPU.Build.0 = Debug|Any CPU
		{94137684-8377-4DF9-8DC3-FFAFFB3F7B2F}.Release|Any CPU.ActiveCfg = Release|Any CPU
		{94137684-8377-4DF9-8DC3-FFAFFB3F7B2F}.Release|Any CPU.Build.0 = Release|Any CPU
		{2C985C15-8BD8-42B0-A830-E4FA450C9081}.Debug|Any CPU.ActiveCfg = Debug|Any CPU
		{2C985C15-8BD8-42B0-A830-E4FA450C9081}.Debug|Any CPU.Build.0 = Debug|Any CPU
		{2C985C15-8BD8-42B0-A830-E4FA450C9081}.Release|Any CPU.ActiveCfg = Release|Any CPU
		{2C985C15-8BD8-42B0-A830-E4FA450C9081}.Release|Any CPU.Build.0 = Release|Any CPU
	EndGlobalSection
	GlobalSection(SolutionProperties) = preSolution
		HideSolutionNode = FALSE
	EndGlobalSection
	GlobalSection(NestedProjects) = preSolution
		{82E57549-FADE-49D6-866B-7BE017C1196A} = {9EB81274-65C7-4A02-810A-2CE3F542DDF0}
		{6A7A7F7A-4F52-42E6-AD35-E1E9F919F0B0} = {9EB81274-65C7-4A02-810A-2CE3F542DDF0}
		{859400D8-98B8-4477-A3C0-5B5CE018176D} = {9EB81274-65C7-4A02-810A-2CE3F542DDF0}
		{4AD76948-B0A4-4FDD-A659-1B33B4631942} = {9EB81274-65C7-4A02-810A-2CE3F542DDF0}
		{A9FF0D9A-9E5D-4FF5-B0C0-C71A54FBEA75} = {9EB81274-65C7-4A02-810A-2CE3F542DDF0}
		{467A2E63-02E0-40BE-94D6-38F048ADC0E2} = {9EB81274-65C7-4A02-810A-2CE3F542DDF0}
		{5B2A85B4-131F-446B-922B-48CB08AC0B46} = {9EB81274-65C7-4A02-810A-2CE3F542DDF0}
		{EB5DB25B-FCDA-441B-B757-49B9D6B3A029} = {A9FF0D9A-9E5D-4FF5-B0C0-C71A54FBEA75}
		{5D5FFFF9-5633-468F-A9BE-6838FD458203} = {82E57549-FADE-49D6-866B-7BE017C1196A}
		{9DC2741B-F2F5-4EB3-AD5B-233F84EA0F5B} = {467A2E63-02E0-40BE-94D6-38F048ADC0E2}
		{02BAEA0E-D9DA-4475-8B45-25613E33449C} = {467A2E63-02E0-40BE-94D6-38F048ADC0E2}
		{0C22A54C-4096-44CD-AF81-6E2639C8AEDF} = {467A2E63-02E0-40BE-94D6-38F048ADC0E2}
		{99DF84E7-9EB7-4AA4-B35E-FF12AB6AE95C} = {A9FF0D9A-9E5D-4FF5-B0C0-C71A54FBEA75}
		{F08919CB-FA35-4E18-8CE6-7044076554E4} = {4AD76948-B0A4-4FDD-A659-1B33B4631942}
		{94137684-8377-4DF9-8DC3-FFAFFB3F7B2F} = {859400D8-98B8-4477-A3C0-5B5CE018176D}
		{2C985C15-8BD8-42B0-A830-E4FA450C9081} = {6A7A7F7A-4F52-42E6-AD35-E1E9F919F0B0}
	EndGlobalSection
	GlobalSection(ExtensibilityGlobals) = postSolution
		SolutionGuid = {C3699E02-F89D-42F4-867E-F24A3F3CE998}
	EndGlobalSection
EndGlobal
